
Microsoft Visual Studio Solution File, Format Version 12.00
# Visual Studio Version 17
VisualStudioVersion = 17.12.35527.113 d17.12
MinimumVisualStudioVersion = 10.0.40219.1
Project("{2150E333-8FDC-42A3-9474-1A3956D46DE8}") = "src", "src", "{2C5829BC-718F-4E76-9D2C-EA9B4F0824A7}"
EndProject
Project("{2150E333-8FDC-42A3-9474-1A3956D46DE8}") = "test", "test", "{806541F2-BF56-486E-BEAB-C2F1818E7AD8}"
EndProject
Project("{FAE04EC0-301F-11D3-BF4B-00C04F79EFBC}") = "Modeler", "Modeler\Modeler.csproj", "{DDFA1A1F-91B7-47E8-9A3B-153A7968C8A8}"
EndProject
Global
	GlobalSection(SolutionConfigurationPlatforms) = preSolution
		Debug|Any CPU = Debug|Any CPU
		Release|Any CPU = Release|Any CPU
	EndGlobalSection
	GlobalSection(ProjectConfigurationPlatforms) = postSolution
		{DDFA1A1F-91B7-47E8-9A3B-153A7968C8A8}.Debug|Any CPU.ActiveCfg = Debug|Any CPU
		{DDFA1A1F-91B7-47E8-9A3B-153A7968C8A8}.Debug|Any CPU.Build.0 = Debug|Any CPU
		{DDFA1A1F-91B7-47E8-9A3B-153A7968C8A8}.Release|Any CPU.ActiveCfg = Release|Any CPU
		{DDFA1A1F-91B7-47E8-9A3B-153A7968C8A8}.Release|Any CPU.Build.0 = Release|Any CPU
	EndGlobalSection
	GlobalSection(SolutionProperties) = preSolution
		HideSolutionNode = FALSE
	EndGlobalSection
	GlobalSection(NestedProjects) = preSolution
		{DDFA1A1F-91B7-47E8-9A3B-153A7968C8A8} = {2C5829BC-718F-4E76-9D2C-EA9B4F0824A7}
	EndGlobalSection
EndGlobal
